// !$*UTF8*$!
{
	archiveVersion = 1;
	classes = {
	};
	objectVersion = 56;
	objects = {

/* Begin PBXBuildFile section */
		01674864291158100072380D /* AppDelegate.swift in Sources */ = {isa = PBXBuildFile; fileRef = 01674863291158100072380D /* AppDelegate.swift */; };
		01674866291158100072380D /* SceneDelegate.swift in Sources */ = {isa = PBXBuildFile; fileRef = 01674865291158100072380D /* SceneDelegate.swift */; };
		01674868291158100072380D /* ViewController.swift in Sources */ = {isa = PBXBuildFile; fileRef = 01674867291158100072380D /* ViewController.swift */; };
		0167486B291158100072380D /* Main.storyboard in Resources */ = {isa = PBXBuildFile; fileRef = 01674869291158100072380D /* Main.storyboard */; };
		0167486D291158110072380D /* Assets.xcassets in Resources */ = {isa = PBXBuildFile; fileRef = 0167486C291158110072380D /* Assets.xcassets */; };
		01674870291158110072380D /* LaunchScreen.storyboard in Resources */ = {isa = PBXBuildFile; fileRef = 0167486E291158110072380D /* LaunchScreen.storyboard */; };
		0167487B291158120072380D /* CoreBluetoothSampleTests.swift in Sources */ = {isa = PBXBuildFile; fileRef = 0167487A291158120072380D /* CoreBluetoothSampleTests.swift */; };
		01674885291158120072380D /* CoreBluetoothSampleUITests.swift in Sources */ = {isa = PBXBuildFile; fileRef = 01674884291158120072380D /* CoreBluetoothSampleUITests.swift */; };
		01674887291158120072380D /* CoreBluetoothSampleUITestsLaunchTests.swift in Sources */ = {isa = PBXBuildFile; fileRef = 01674886291158120072380D /* CoreBluetoothSampleUITestsLaunchTests.swift */; };
		01674895291158790072380D /* BluetoothSettingViewController.swift in Sources */ = {isa = PBXBuildFile; fileRef = 01674894291158790072380D /* BluetoothSettingViewController.swift */; };
		01AABAD2291400920099AB85 /* BluetoothSerial.swift in Sources */ = {isa = PBXBuildFile; fileRef = 01AABAD1291400920099AB85 /* BluetoothSerial.swift */; };
		01E501462944DC5000636573 /* WalkCountViewController.swift in Sources */ = {isa = PBXBuildFile; fileRef = 01E501452944DC5000636573 /* WalkCountViewController.swift */; };
		01E5014B2947501D00636573 /* MiBandService.swift in Sources */ = {isa = PBXBuildFile; fileRef = 01E5014A2947501D00636573 /* MiBandService.swift */; };
		01E5014D2947503F00636573 /* MiBand.swift in Sources */ = {isa = PBXBuildFile; fileRef = 01E5014C2947503F00636573 /* MiBand.swift */; };
		01E501502947507400636573 /* MibandViewController.swift in Sources */ = {isa = PBXBuildFile; fileRef = 01E5014F2947507400636573 /* MibandViewController.swift */; };
/* End PBXBuildFile section */

/* Begin PBXContainerItemProxy section */
		01674877291158120072380D /* PBXContainerItemProxy */ = {
			isa = PBXContainerItemProxy;
			containerPortal = 01674858291158100072380D /* Project object */;
			proxyType = 1;
			remoteGlobalIDString = 0167485F291158100072380D;
			remoteInfo = CoreBluetoothSample;
		};
		01674881291158120072380D /* PBXContainerItemProxy */ = {
			isa = PBXContainerItemProxy;
			containerPortal = 01674858291158100072380D /* Project object */;
			proxyType = 1;
			remoteGlobalIDString = 0167485F291158100072380D;
			remoteInfo = CoreBluetoothSample;
		};
/* End PBXContainerItemProxy section */

/* Begin PBXFileReference section */
		01674860291158100072380D /* CoreBluetoothSample.app */ = {isa = PBXFileReference; explicitFileType = wrapper.application; includeInIndex = 0; path = CoreBluetoothSample.app; sourceTree = BUILT_PRODUCTS_DIR; };
		01674863291158100072380D /* AppDelegate.swift */ = {isa = PBXFileReference; lastKnownFileType = sourcecode.swift; path = AppDelegate.swift; sourceTree = "<group>"; };
		01674865291158100072380D /* SceneDelegate.swift */ = {isa = PBXFileReference; lastKnownFileType = sourcecode.swift; path = SceneDelegate.swift; sourceTree = "<group>"; };
		01674867291158100072380D /* ViewController.swift */ = {isa = PBXFileReference; lastKnownFileType = sourcecode.swift; path = ViewController.swift; sourceTree = "<group>"; };
		0167486A291158100072380D /* Base */ = {isa = PBXFileReference; lastKnownFileType = file.storyboard; name = Base; path = Base.lproj/Main.storyboard; sourceTree = "<group>"; };
		0167486C291158110072380D /* Assets.xcassets */ = {isa = PBXFileReference; lastKnownFileType = folder.assetcatalog; path = Assets.xcassets; sourceTree = "<group>"; };
		0167486F291158110072380D /* Base */ = {isa = PBXFileReference; lastKnownFileType = file.storyboard; name = Base; path = Base.lproj/LaunchScreen.storyboard; sourceTree = "<group>"; };
		01674871291158110072380D /* Info.plist */ = {isa = PBXFileReference; lastKnownFileType = text.plist.xml; path = Info.plist; sourceTree = "<group>"; };
		01674876291158120072380D /* CoreBluetoothSampleTests.xctest */ = {isa = PBXFileReference; explicitFileType = wrapper.cfbundle; includeInIndex = 0; path = CoreBluetoothSampleTests.xctest; sourceTree = BUILT_PRODUCTS_DIR; };
		0167487A291158120072380D /* CoreBluetoothSampleTests.swift */ = {isa = PBXFileReference; lastKnownFileType = sourcecode.swift; path = CoreBluetoothSampleTests.swift; sourceTree = "<group>"; };
		01674880291158120072380D /* CoreBluetoothSampleUITests.xctest */ = {isa = PBXFileReference; explicitFileType = wrapper.cfbundle; includeInIndex = 0; path = CoreBluetoothSampleUITests.xctest; sourceTree = BUILT_PRODUCTS_DIR; };
		01674884291158120072380D /* CoreBluetoothSampleUITests.swift */ = {isa = PBXFileReference; lastKnownFileType = sourcecode.swift; path = CoreBluetoothSampleUITests.swift; sourceTree = "<group>"; };
		01674886291158120072380D /* CoreBluetoothSampleUITestsLaunchTests.swift */ = {isa = PBXFileReference; lastKnownFileType = sourcecode.swift; path = CoreBluetoothSampleUITestsLaunchTests.swift; sourceTree = "<group>"; };
		01674893291158520072380D /* CoreBluetoothStudy.md */ = {isa = PBXFileReference; lastKnownFileType = net.daringfireball.markdown; path = CoreBluetoothStudy.md; sourceTree = "<group>"; };
		01674894291158790072380D /* BluetoothSettingViewController.swift */ = {isa = PBXFileReference; lastKnownFileType = sourcecode.swift; path = BluetoothSettingViewController.swift; sourceTree = "<group>"; };
		01AABAD1291400920099AB85 /* BluetoothSerial.swift */ = {isa = PBXFileReference; lastKnownFileType = sourcecode.swift; path = BluetoothSerial.swift; sourceTree = "<group>"; };
		01E501452944DC5000636573 /* WalkCountViewController.swift */ = {isa = PBXFileReference; lastKnownFileType = sourcecode.swift; path = WalkCountViewController.swift; sourceTree = "<group>"; };
		01E5014A2947501D00636573 /* MiBandService.swift */ = {isa = PBXFileReference; lastKnownFileType = sourcecode.swift; path = MiBandService.swift; sourceTree = "<group>"; };
		01E5014C2947503F00636573 /* MiBand.swift */ = {isa = PBXFileReference; lastKnownFileType = sourcecode.swift; path = MiBand.swift; sourceTree = "<group>"; };
		01E5014F2947507400636573 /* MibandViewController.swift */ = {isa = PBXFileReference; lastKnownFileType = sourcecode.swift; path = MibandViewController.swift; sourceTree = "<group>"; };
/* End PBXFileReference section */

/* Begin PBXFrameworksBuildPhase section */
		0167485D291158100072380D /* Frameworks */ = {
			isa = PBXFrameworksBuildPhase;
			buildActionMask = 2147483647;
			files = (
			);
			runOnlyForDeploymentPostprocessing = 0;
		};
		01674873291158120072380D /* Frameworks */ = {
			isa = PBXFrameworksBuildPhase;
			buildActionMask = 2147483647;
			files = (
			);
			runOnlyForDeploymentPostprocessing = 0;
		};
		0167487D291158120072380D /* Frameworks */ = {
			isa = PBXFrameworksBuildPhase;
			buildActionMask = 2147483647;
			files = (
			);
			runOnlyForDeploymentPostprocessing = 0;
		};
/* End PBXFrameworksBuildPhase section */

/* Begin PBXGroup section */
		01674857291158100072380D = {
			isa = PBXGroup;
			children = (
				01674862291158100072380D /* CoreBluetoothSample */,
				01674879291158120072380D /* CoreBluetoothSampleTests */,
				01674883291158120072380D /* CoreBluetoothSampleUITests */,
				01674861291158100072380D /* Products */,
			);
			sourceTree = "<group>";
		};
		01674861291158100072380D /* Products */ = {
			isa = PBXGroup;
			children = (
				01674860291158100072380D /* CoreBluetoothSample.app */,
				01674876291158120072380D /* CoreBluetoothSampleTests.xctest */,
				01674880291158120072380D /* CoreBluetoothSampleUITests.xctest */,
			);
			name = Products;
			sourceTree = "<group>";
		};
		01674862291158100072380D /* CoreBluetoothSample */ = {
			isa = PBXGroup;
			children = (
				01674863291158100072380D /* AppDelegate.swift */,
				01674865291158100072380D /* SceneDelegate.swift */,
				01674867291158100072380D /* ViewController.swift */,
				01E5014729474FD400636573 /* ConnectVC */,
				01E5014829474FE800636573 /* FindStepCountVC */,
				01E501492947500000636573 /* New Group */,
				01674893291158520072380D /* CoreBluetoothStudy.md */,
				01674869291158100072380D /* Main.storyboard */,
				0167486C291158110072380D /* Assets.xcassets */,
				0167486E291158110072380D /* LaunchScreen.storyboard */,
				01674871291158110072380D /* Info.plist */,
			);
			path = CoreBluetoothSample;
			sourceTree = "<group>";
		};
		01674879291158120072380D /* CoreBluetoothSampleTests */ = {
			isa = PBXGroup;
			children = (
				0167487A291158120072380D /* CoreBluetoothSampleTests.swift */,
			);
			path = CoreBluetoothSampleTests;
			sourceTree = "<group>";
		};
		01674883291158120072380D /* CoreBluetoothSampleUITests */ = {
			isa = PBXGroup;
			children = (
				01674884291158120072380D /* CoreBluetoothSampleUITests.swift */,
				01674886291158120072380D /* CoreBluetoothSampleUITestsLaunchTests.swift */,
			);
			path = CoreBluetoothSampleUITests;
			sourceTree = "<group>";
		};
		01E5014729474FD400636573 /* ConnectVC */ = {
			isa = PBXGroup;
			children = (
				01AABAD1291400920099AB85 /* BluetoothSerial.swift */,
				01674894291158790072380D /* BluetoothSettingViewController.swift */,
			);
			path = ConnectVC;
			sourceTree = "<group>";
		};
		01E5014829474FE800636573 /* FindStepCountVC */ = {
			isa = PBXGroup;
			children = (
				01E501452944DC5000636573 /* WalkCountViewController.swift */,
			);
			path = FindStepCountVC;
			sourceTree = "<group>";
		};
		01E501492947500000636573 /* New Group */ = {
			isa = PBXGroup;
			children = (
				01E5014A2947501D00636573 /* MiBandService.swift */,
				01E5014C2947503F00636573 /* MiBand.swift */,
				01E5014F2947507400636573 /* MibandViewController.swift */,
			);
			path = "New Group";
			sourceTree = "<group>";
		};
/* End PBXGroup section */

/* Begin PBXNativeTarget section */
		0167485F291158100072380D /* CoreBluetoothSample */ = {
			isa = PBXNativeTarget;
			buildConfigurationList = 0167488A291158120072380D /* Build configuration list for PBXNativeTarget "CoreBluetoothSample" */;
			buildPhases = (
				0167485C291158100072380D /* Sources */,
				0167485D291158100072380D /* Frameworks */,
				0167485E291158100072380D /* Resources */,
			);
			buildRules = (
			);
			dependencies = (
			);
			name = CoreBluetoothSample;
			productName = CoreBluetoothSample;
			productReference = 01674860291158100072380D /* CoreBluetoothSample.app */;
			productType = "com.apple.product-type.application";
		};
		01674875291158120072380D /* CoreBluetoothSampleTests */ = {
			isa = PBXNativeTarget;
			buildConfigurationList = 0167488D291158120072380D /* Build configuration list for PBXNativeTarget "CoreBluetoothSampleTests" */;
			buildPhases = (
				01674872291158120072380D /* Sources */,
				01674873291158120072380D /* Frameworks */,
				01674874291158120072380D /* Resources */,
			);
			buildRules = (
			);
			dependencies = (
				01674878291158120072380D /* PBXTargetDependency */,
			);
			name = CoreBluetoothSampleTests;
			productName = CoreBluetoothSampleTests;
			productReference = 01674876291158120072380D /* CoreBluetoothSampleTests.xctest */;
			productType = "com.apple.product-type.bundle.unit-test";
		};
		0167487F291158120072380D /* CoreBluetoothSampleUITests */ = {
			isa = PBXNativeTarget;
			buildConfigurationList = 01674890291158120072380D /* Build configuration list for PBXNativeTarget "CoreBluetoothSampleUITests" */;
			buildPhases = (
				0167487C291158120072380D /* Sources */,
				0167487D291158120072380D /* Frameworks */,
				0167487E291158120072380D /* Resources */,
			);
			buildRules = (
			);
			dependencies = (
				01674882291158120072380D /* PBXTargetDependency */,
			);
			name = CoreBluetoothSampleUITests;
			productName = CoreBluetoothSampleUITests;
			productReference = 01674880291158120072380D /* CoreBluetoothSampleUITests.xctest */;
			productType = "com.apple.product-type.bundle.ui-testing";
		};
/* End PBXNativeTarget section */

/* Begin PBXProject section */
		01674858291158100072380D /* Project object */ = {
			isa = PBXProject;
			attributes = {
				BuildIndependentTargetsInParallel = 1;
				LastSwiftUpdateCheck = 1400;
				LastUpgradeCheck = 1400;
				TargetAttributes = {
					0167485F291158100072380D = {
						CreatedOnToolsVersion = 14.0.1;
					};
					01674875291158120072380D = {
						CreatedOnToolsVersion = 14.0.1;
						TestTargetID = 0167485F291158100072380D;
					};
					0167487F291158120072380D = {
						CreatedOnToolsVersion = 14.0.1;
						TestTargetID = 0167485F291158100072380D;
					};
				};
			};
			buildConfigurationList = 0167485B291158100072380D /* Build configuration list for PBXProject "CoreBluetoothSample" */;
			compatibilityVersion = "Xcode 14.0";
			developmentRegion = en;
			hasScannedForEncodings = 0;
			knownRegions = (
				en,
				Base,
			);
			mainGroup = 01674857291158100072380D;
			productRefGroup = 01674861291158100072380D /* Products */;
			projectDirPath = "";
			projectRoot = "";
			targets = (
				0167485F291158100072380D /* CoreBluetoothSample */,
				01674875291158120072380D /* CoreBluetoothSampleTests */,
				0167487F291158120072380D /* CoreBluetoothSampleUITests */,
			);
		};
/* End PBXProject section */

/* Begin PBXResourcesBuildPhase section */
		0167485E291158100072380D /* Resources */ = {
			isa = PBXResourcesBuildPhase;
			buildActionMask = 2147483647;
			files = (
				01674870291158110072380D /* LaunchScreen.storyboard in Resources */,
				0167486D291158110072380D /* Assets.xcassets in Resources */,
				0167486B291158100072380D /* Main.storyboard in Resources */,
			);
			runOnlyForDeploymentPostprocessing = 0;
		};
		01674874291158120072380D /* Resources */ = {
			isa = PBXResourcesBuildPhase;
			buildActionMask = 2147483647;
			files = (
			);
			runOnlyForDeploymentPostprocessing = 0;
		};
		0167487E291158120072380D /* Resources */ = {
			isa = PBXResourcesBuildPhase;
			buildActionMask = 2147483647;
			files = (
			);
			runOnlyForDeploymentPostprocessing = 0;
		};
/* End PBXResourcesBuildPhase section */

/* Begin PBXSourcesBuildPhase section */
		0167485C291158100072380D /* Sources */ = {
			isa = PBXSourcesBuildPhase;
			buildActionMask = 2147483647;
			files = (
				01674868291158100072380D /* ViewController.swift in Sources */,
				01674864291158100072380D /* AppDelegate.swift in Sources */,
				01E5014D2947503F00636573 /* MiBand.swift in Sources */,
				01674895291158790072380D /* BluetoothSettingViewController.swift in Sources */,
				01E501502947507400636573 /* MibandViewController.swift in Sources */,
				01674866291158100072380D /* SceneDelegate.swift in Sources */,
				01E5014B2947501D00636573 /* MiBandService.swift in Sources */,
				01AABAD2291400920099AB85 /* BluetoothSerial.swift in Sources */,
				01E501462944DC5000636573 /* WalkCountViewController.swift in Sources */,
			);
			runOnlyForDeploymentPostprocessing = 0;
		};
		01674872291158120072380D /* Sources */ = {
			isa = PBXSourcesBuildPhase;
			buildActionMask = 2147483647;
			files = (
				0167487B291158120072380D /* CoreBluetoothSampleTests.swift in Sources */,
			);
			runOnlyForDeploymentPostprocessing = 0;
		};
		0167487C291158120072380D /* Sources */ = {
			isa = PBXSourcesBuildPhase;
			buildActionMask = 2147483647;
			files = (
				01674887291158120072380D /* CoreBluetoothSampleUITestsLaunchTests.swift in Sources */,
				01674885291158120072380D /* CoreBluetoothSampleUITests.swift in Sources */,
			);
			runOnlyForDeploymentPostprocessing = 0;
		};
/* End PBXSourcesBuildPhase section */

/* Begin PBXTargetDependency section */
		01674878291158120072380D /* PBXTargetDependency */ = {
			isa = PBXTargetDependency;
			target = 0167485F291158100072380D /* CoreBluetoothSample */;
			targetProxy = 01674877291158120072380D /* PBXContainerItemProxy */;
		};
		01674882291158120072380D /* PBXTargetDependency */ = {
			isa = PBXTargetDependency;
			target = 0167485F291158100072380D /* CoreBluetoothSample */;
			targetProxy = 01674881291158120072380D /* PBXContainerItemProxy */;
		};
/* End PBXTargetDependency section */

/* Begin PBXVariantGroup section */
		01674869291158100072380D /* Main.storyboard */ = {
			isa = PBXVariantGroup;
			children = (
				0167486A291158100072380D /* Base */,
			);
			name = Main.storyboard;
			sourceTree = "<group>";
		};
		0167486E291158110072380D /* LaunchScreen.storyboard */ = {
			isa = PBXVariantGroup;
			children = (
				0167486F291158110072380D /* Base */,
			);
			name = LaunchScreen.storyboard;
			sourceTree = "<group>";
		};
/* End PBXVariantGroup section */

/* Begin XCBuildConfiguration section */
		01674888291158120072380D /* Debug */ = {
			isa = XCBuildConfiguration;
			buildSettings = {
				ALWAYS_SEARCH_USER_PATHS = NO;
				CLANG_ANALYZER_NONNULL = YES;
				CLANG_ANALYZER_NUMBER_OBJECT_CONVERSION = YES_AGGRESSIVE;
				CLANG_CXX_LANGUAGE_STANDARD = "gnu++20";
				CLANG_ENABLE_MODULES = YES;
				CLANG_ENABLE_OBJC_ARC = YES;
				CLANG_ENABLE_OBJC_WEAK = YES;
				CLANG_WARN_BLOCK_CAPTURE_AUTORELEASING = YES;
				CLANG_WARN_BOOL_CONVERSION = YES;
				CLANG_WARN_COMMA = YES;
				CLANG_WARN_CONSTANT_CONVERSION = YES;
				CLANG_WARN_DEPRECATED_OBJC_IMPLEMENTATIONS = YES;
				CLANG_WARN_DIRECT_OBJC_ISA_USAGE = YES_ERROR;
				CLANG_WARN_DOCUMENTATION_COMMENTS = YES;
				CLANG_WARN_EMPTY_BODY = YES;
				CLANG_WARN_ENUM_CONVERSION = YES;
				CLANG_WARN_INFINITE_RECURSION = YES;
				CLANG_WARN_INT_CONVERSION = YES;
				CLANG_WARN_NON_LITERAL_NULL_CONVERSION = YES;
				CLANG_WARN_OBJC_IMPLICIT_RETAIN_SELF = YES;
				CLANG_WARN_OBJC_LITERAL_CONVERSION = YES;
				CLANG_WARN_OBJC_ROOT_CLASS = YES_ERROR;
				CLANG_WARN_QUOTED_INCLUDE_IN_FRAMEWORK_HEADER = YES;
				CLANG_WARN_RANGE_LOOP_ANALYSIS = YES;
				CLANG_WARN_STRICT_PROTOTYPES = YES;
				CLANG_WARN_SUSPICIOUS_MOVE = YES;
				CLANG_WARN_UNGUARDED_AVAILABILITY = YES_AGGRESSIVE;
				CLANG_WARN_UNREACHABLE_CODE = YES;
				CLANG_WARN__DUPLICATE_METHOD_MATCH = YES;
				COPY_PHASE_STRIP = NO;
				DEBUG_INFORMATION_FORMAT = dwarf;
				ENABLE_STRICT_OBJC_MSGSEND = YES;
				ENABLE_TESTABILITY = YES;
				GCC_C_LANGUAGE_STANDARD = gnu11;
				GCC_DYNAMIC_NO_PIC = NO;
				GCC_NO_COMMON_BLOCKS = YES;
				GCC_OPTIMIZATION_LEVEL = 0;
				GCC_PREPROCESSOR_DEFINITIONS = (
					"DEBUG=1",
					"$(inherited)",
				);
				GCC_WARN_64_TO_32_BIT_CONVERSION = YES;
				GCC_WARN_ABOUT_RETURN_TYPE = YES_ERROR;
				GCC_WARN_UNDECLARED_SELECTOR = YES;
				GCC_WARN_UNINITIALIZED_AUTOS = YES_AGGRESSIVE;
				GCC_WARN_UNUSED_FUNCTION = YES;
				GCC_WARN_UNUSED_VARIABLE = YES;
				IPHONEOS_DEPLOYMENT_TARGET = 16.0;
				MTL_ENABLE_DEBUG_INFO = INCLUDE_SOURCE;
				MTL_FAST_MATH = YES;
				ONLY_ACTIVE_ARCH = YES;
				SDKROOT = iphoneos;
				SWIFT_ACTIVE_COMPILATION_CONDITIONS = DEBUG;
				SWIFT_OPTIMIZATION_LEVEL = "-Onone";
			};
			name = Debug;
		};
		01674889291158120072380D /* Release */ = {
			isa = XCBuildConfiguration;
			buildSettings = {
				ALWAYS_SEARCH_USER_PATHS = NO;
				CLANG_ANALYZER_NONNULL = YES;
				CLANG_ANALYZER_NUMBER_OBJECT_CONVERSION = YES_AGGRESSIVE;
				CLANG_CXX_LANGUAGE_STANDARD = "gnu++20";
				CLANG_ENABLE_MODULES = YES;
				CLANG_ENABLE_OBJC_ARC = YES;
				CLANG_ENABLE_OBJC_WEAK = YES;
				CLANG_WARN_BLOCK_CAPTURE_AUTORELEASING = YES;
				CLANG_WARN_BOOL_CONVERSION = YES;
				CLANG_WARN_COMMA = YES;
				CLANG_WARN_CONSTANT_CONVERSION = YES;
				CLANG_WARN_DEPRECATED_OBJC_IMPLEMENTATIONS = YES;
				CLANG_WARN_DIRECT_OBJC_ISA_USAGE = YES_ERROR;
				CLANG_WARN_DOCUMENTATION_COMMENTS = YES;
				CLANG_WARN_EMPTY_BODY = YES;
				CLANG_WARN_ENUM_CONVERSION = YES;
				CLANG_WARN_INFINITE_RECURSION = YES;
				CLANG_WARN_INT_CONVERSION = YES;
				CLANG_WARN_NON_LITERAL_NULL_CONVERSION = YES;
				CLANG_WARN_OBJC_IMPLICIT_RETAIN_SELF = YES;
				CLANG_WARN_OBJC_LITERAL_CONVERSION = YES;
				CLANG_WARN_OBJC_ROOT_CLASS = YES_ERROR;
				CLANG_WARN_QUOTED_INCLUDE_IN_FRAMEWORK_HEADER = YES;
				CLANG_WARN_RANGE_LOOP_ANALYSIS = YES;
				CLANG_WARN_STRICT_PROTOTYPES = YES;
				CLANG_WARN_SUSPICIOUS_MOVE = YES;
				CLANG_WARN_UNGUARDED_AVAILABILITY = YES_AGGRESSIVE;
				CLANG_WARN_UNREACHABLE_CODE = YES;
				CLANG_WARN__DUPLICATE_METHOD_MATCH = YES;
				COPY_PHASE_STRIP = NO;
				DEBUG_INFORMATION_FORMAT = "dwarf-with-dsym";
				ENABLE_NS_ASSERTIONS = NO;
				ENABLE_STRICT_OBJC_MSGSEND = YES;
				GCC_C_LANGUAGE_STANDARD = gnu11;
				GCC_NO_COMMON_BLOCKS = YES;
				GCC_WARN_64_TO_32_BIT_CONVERSION = YES;
				GCC_WARN_ABOUT_RETURN_TYPE = YES_ERROR;
				GCC_WARN_UNDECLARED_SELECTOR = YES;
				GCC_WARN_UNINITIALIZED_AUTOS = YES_AGGRESSIVE;
				GCC_WARN_UNUSED_FUNCTION = YES;
				GCC_WARN_UNUSED_VARIABLE = YES;
				IPHONEOS_DEPLOYMENT_TARGET = 16.0;
				MTL_ENABLE_DEBUG_INFO = NO;
				MTL_FAST_MATH = YES;
				SDKROOT = iphoneos;
				SWIFT_COMPILATION_MODE = wholemodule;
				SWIFT_OPTIMIZATION_LEVEL = "-O";
				VALIDATE_PRODUCT = YES;
			};
			name = Release;
		};
		0167488B291158120072380D /* Debug */ = {
			isa = XCBuildConfiguration;
			buildSettings = {
				ASSETCATALOG_COMPILER_APPICON_NAME = AppIcon;
				ASSETCATALOG_COMPILER_GLOBAL_ACCENT_COLOR_NAME = AccentColor;
				CODE_SIGN_STYLE = Automatic;
				CURRENT_PROJECT_VERSION = 1;
				DEVELOPMENT_TEAM = XP44KJ6JB3;
				GENERATE_INFOPLIST_FILE = YES;
				INFOPLIST_FILE = CoreBluetoothSample/Info.plist;
				INFOPLIST_KEY_UIApplicationSupportsIndirectInputEvents = YES;
				INFOPLIST_KEY_UILaunchStoryboardName = LaunchScreen;
				INFOPLIST_KEY_UIMainStoryboardFile = Main;
				INFOPLIST_KEY_UISupportedInterfaceOrientations_iPad = "UIInterfaceOrientationPortrait UIInterfaceOrientationPortraitUpsideDown UIInterfaceOrientationLandscapeLeft UIInterfaceOrientationLandscapeRight";
				INFOPLIST_KEY_UISupportedInterfaceOrientations_iPhone = "UIInterfaceOrientationPortrait UIInterfaceOrientationLandscapeLeft UIInterfaceOrientationLandscapeRight";
				LD_RUNPATH_SEARCH_PATHS = (
					"$(inherited)",
					"@executable_path/Frameworks",
				);
				MARKETING_VERSION = 1.0;
				PRODUCT_BUNDLE_IDENTIFIER = com.ywangnon.CoreBluetoothSample;
				PRODUCT_NAME = "$(TARGET_NAME)";
				SWIFT_EMIT_LOC_STRINGS = YES;
				SWIFT_VERSION = 5.0;
				TARGETED_DEVICE_FAMILY = "1,2";
			};
			name = Debug;
		};
		0167488C291158120072380D /* Release */ = {
			isa = XCBuildConfiguration;
			buildSettings = {
				ASSETCATALOG_COMPILER_APPICON_NAME = AppIcon;
				ASSETCATALOG_COMPILER_GLOBAL_ACCENT_COLOR_NAME = AccentColor;
				CODE_SIGN_STYLE = Automatic;
				CURRENT_PROJECT_VERSION = 1;
				DEVELOPMENT_TEAM = XP44KJ6JB3;
				GENERATE_INFOPLIST_FILE = YES;
				INFOPLIST_FILE = CoreBluetoothSample/Info.plist;
				INFOPLIST_KEY_UIApplicationSupportsIndirectInputEvents = YES;
				INFOPLIST_KEY_UILaunchStoryboardName = LaunchScreen;
				INFOPLIST_KEY_UIMainStoryboardFile = Main;
				INFOPLIST_KEY_UISupportedInterfaceOrientations_iPad = "UIInterfaceOrientationPortrait UIInterfaceOrientationPortraitUpsideDown UIInterfaceOrientationLandscapeLeft UIInterfaceOrientationLandscapeRight";
				INFOPLIST_KEY_UISupportedInterfaceOrientations_iPhone = "UIInterfaceOrientationPortrait UIInterfaceOrientationLandscapeLeft UIInterfaceOrientationLandscapeRight";
				LD_RUNPATH_SEARCH_PATHS = (
					"$(inherited)",
					"@executable_path/Frameworks",
				);
				MARKETING_VERSION = 1.0;
				PRODUCT_BUNDLE_IDENTIFIER = com.ywangnon.CoreBluetoothSample;
				PRODUCT_NAME = "$(TARGET_NAME)";
				SWIFT_EMIT_LOC_STRINGS = YES;
				SWIFT_VERSION = 5.0;
				TARGETED_DEVICE_FAMILY = "1,2";
			};
			name = Release;
		};
		0167488E291158120072380D /* Debug */ = {
			isa = XCBuildConfiguration;
			buildSettings = {
				ALWAYS_EMBED_SWIFT_STANDARD_LIBRARIES = YES;
				BUNDLE_LOADER = "$(TEST_HOST)";
				CODE_SIGN_STYLE = Automatic;
				CURRENT_PROJECT_VERSION = 1;
				DEVELOPMENT_TEAM = XP44KJ6JB3;
				GENERATE_INFOPLIST_FILE = YES;
				IPHONEOS_DEPLOYMENT_TARGET = 16.0;
				MARKETING_VERSION = 1.0;
				PRODUCT_BUNDLE_IDENTIFIER = com.ywangnon.CoreBluetoothSampleTests;
				PRODUCT_NAME = "$(TARGET_NAME)";
				SWIFT_EMIT_LOC_STRINGS = NO;
				SWIFT_VERSION = 5.0;
				TARGETED_DEVICE_FAMILY = "1,2";
				TEST_HOST = "$(BUILT_PRODUCTS_DIR)/CoreBluetoothSample.app/$(BUNDLE_EXECUTABLE_FOLDER_PATH)/CoreBluetoothSample";
			};
			name = Debug;
		};
		0167488F291158120072380D /* Release */ = {
			isa = XCBuildConfiguration;
			buildSettings = {
				ALWAYS_EMBED_SWIFT_STANDARD_LIBRARIES = YES;
				BUNDLE_LOADER = "$(TEST_HOST)";
				CODE_SIGN_STYLE = Automatic;
				CURRENT_PROJECT_VERSION = 1;
				DEVELOPMENT_TEAM = XP44KJ6JB3;
				GENERATE_INFOPLIST_FILE = YES;
				IPHONEOS_DEPLOYMENT_TARGET = 16.0;
				MARKETING_VERSION = 1.0;
				PRODUCT_BUNDLE_IDENTIFIER = com.ywangnon.CoreBluetoothSampleTests;
				PRODUCT_NAME = "$(TARGET_NAME)";
				SWIFT_EMIT_LOC_STRINGS = NO;
				SWIFT_VERSION = 5.0;
				TARGETED_DEVICE_FAMILY = "1,2";
				TEST_HOST = "$(BUILT_PRODUCTS_DIR)/CoreBluetoothSample.app/$(BUNDLE_EXECUTABLE_FOLDER_PATH)/CoreBluetoothSample";
			};
			name = Release;
		};
		01674891291158120072380D /* Debug */ = {
			isa = XCBuildConfiguration;
			buildSettings = {
				ALWAYS_EMBED_SWIFT_STANDARD_LIBRARIES = YES;
				CODE_SIGN_STYLE = Automatic;
				CURRENT_PROJECT_VERSION = 1;
				DEVELOPMENT_TEAM = XP44KJ6JB3;
				GENERATE_INFOPLIST_FILE = YES;
				MARKETING_VERSION = 1.0;
				PRODUCT_BUNDLE_IDENTIFIER = com.ywangnon.CoreBluetoothSampleUITests;
				PRODUCT_NAME = "$(TARGET_NAME)";
				SWIFT_EMIT_LOC_STRINGS = NO;
				SWIFT_VERSION = 5.0;
				TARGETED_DEVICE_FAMILY = "1,2";
				TEST_TARGET_NAME = CoreBluetoothSample;
			};
			name = Debug;
		};
		01674892291158120072380D /* Release */ = {
			isa = XCBuildConfiguration;
			buildSettings = {
				ALWAYS_EMBED_SWIFT_STANDARD_LIBRARIES = YES;
				CODE_SIGN_STYLE = Automatic;
				CURRENT_PROJECT_VERSION = 1;
				DEVELOPMENT_TEAM = XP44KJ6JB3;
				GENERATE_INFOPLIST_FILE = YES;
				MARKETING_VERSION = 1.0;
				PRODUCT_BUNDLE_IDENTIFIER = com.ywangnon.CoreBluetoothSampleUITests;
				PRODUCT_NAME = "$(TARGET_NAME)";
				SWIFT_EMIT_LOC_STRINGS = NO;
				SWIFT_VERSION = 5.0;
				TARGETED_DEVICE_FAMILY = "1,2";
				TEST_TARGET_NAME = CoreBluetoothSample;
			};
			name = Release;
		};
/* End XCBuildConfiguration section */

/* Begin XCConfigurationList section */
		0167485B291158100072380D /* Build configuration list for PBXProject "CoreBluetoothSample" */ = {
			isa = XCConfigurationList;
			buildConfigurations = (
				01674888291158120072380D /* Debug */,
				01674889291158120072380D /* Release */,
			);
			defaultConfigurationIsVisible = 0;
			defaultConfigurationName = Release;
		};
		0167488A291158120072380D /* Build configuration list for PBXNativeTarget "CoreBluetoothSample" */ = {
			isa = XCConfigurationList;
			buildConfigurations = (
				0167488B291158120072380D /* Debug */,
				0167488C291158120072380D /* Release */,
			);
			defaultConfigurationIsVisible = 0;
			defaultConfigurationName = Release;
		};
		0167488D291158120072380D /* Build configuration list for PBXNativeTarget "CoreBluetoothSampleTests" */ = {
			isa = XCConfigurationList;
			buildConfigurations = (
				0167488E291158120072380D /* Debug */,
				0167488F291158120072380D /* Release */,
			);
			defaultConfigurationIsVisible = 0;
			defaultConfigurationName = Release;
		};
		01674890291158120072380D /* Build configuration list for PBXNativeTarget "CoreBluetoothSampleUITests" */ = {
			isa = XCConfigurationList;
			buildConfigurations = (
				01674891291158120072380D /* Debug */,
				01674892291158120072380D /* Release */,
			);
			defaultConfigurationIsVisible = 0;
			defaultConfigurationName = Release;
		};
/* End XCConfigurationList section */
	};
	rootObject = 01674858291158100072380D /* Project object */;
}
